
Microsoft Visual Studio Solution File, Format Version 12.00
# Visual Studio Version 17
VisualStudioVersion = 17.10.35122.118
MinimumVisualStudioVersion = 10.0.40219.1
Project("{9A19103F-16F7-4668-BE54-9A1E7A4F7556}") = "HotelReservation.Api", "HotelReservationSystem\HotelReservation.Api.csproj", "{78ADFCDE-2613-41CD-B148-F7DB8AFB89A8}"
EndProject
Project("{9A19103F-16F7-4668-BE54-9A1E7A4F7556}") = "HotelReservation.Bll", "HotelReservation.Bll\HotelReservation.Bll.csproj", "{1BC79F71-A8D4-434C-91CD-B9E053E71C46}"
EndProject
Project("{9A19103F-16F7-4668-BE54-9A1E7A4F7556}") = "HotelReservation.Dal", "HotelReservation.Dal\HotelReservation.Dal.csproj", "{836BD749-2ABC-4D2C-89DA-7F74EEB3DE85}"
EndProject
Project("{9A19103F-16F7-4668-BE54-9A1E7A4F7556}") = "HotelReservation.Domain", "HotelReservation.Domain\HotelReservation.Domain.csproj", "{41F0307E-B89D-4291-9314-7FAAD686FE06}"
EndProject
Project("{9A19103F-16F7-4668-BE54-9A1E7A4F7556}") = "HotelReservation.Tests", "HotelReservation.Tests\HotelReservation.Tests.csproj", "{7ABC1702-2208-40BF-B162-B7FC762E3A87}"
EndProject
Project("{9A19103F-16F7-4668-BE54-9A1E7A4F7556}") = "HotelCatalog.Api", "HotelCatalog.Api\HotelCatalog.Api.csproj", "{1D4429FA-01FC-4E6E-BC9D-C4782B186706}"
EndProject
Project("{9A19103F-16F7-4668-BE54-9A1E7A4F7556}") = "HotelCatalog.Domain", "HotelCatalog.Domain\HotelCatalog.Domain.csproj", "{F6980844-226F-49F4-889F-0A49348DAB98}"
EndProject
Project("{9A19103F-16F7-4668-BE54-9A1E7A4F7556}") = "HotelCatalog.Dal", "HotelCatalog.Dal\HotelCatalog.Dal.csproj", "{D01AEE89-083F-4ED8-9DF2-8675E9663217}"
EndProject
Project("{9A19103F-16F7-4668-BE54-9A1E7A4F7556}") = "HotelCatalog.Bll", "HotelCatalog.Bll\HotelCatalog.Bll.csproj", "{9E577999-AE6A-4031-8014-CFA413881335}"
EndProject
Project("{9A19103F-16F7-4668-BE54-9A1E7A4F7556}") = "HotelReviews.Domain", "HotelReviews.Domain\HotelReviews.Domain.csproj", "{C4281F9C-7D5A-466E-8E0C-BF867E2D1CFB}"
EndProject
Project("{9A19103F-16F7-4668-BE54-9A1E7A4F7556}") = "HotelReviews.Application", "HotelReviews.Application\HotelReviews.Application.csproj", "{79CF7169-2400-45BF-899A-845C967702BF}"
EndProject
Project("{9A19103F-16F7-4668-BE54-9A1E7A4F7556}") = "HotelReviews.Infrastructure", "HotelReviews.Infrastructure\HotelReviews.Infrastructure.csproj", "{9FAD096A-1FEE-47BF-A414-BD56C85A9FB4}"
EndProject
Project("{9A19103F-16F7-4668-BE54-9A1E7A4F7556}") = "HotelReviews.WebApi", "HotelReviews.WebApi\HotelReviews.WebApi.csproj", "{50E6BCB6-41FD-4B5E-B6F1-16123D3B0724}"
EndProject
Project("{9A19103F-16F7-4668-BE54-9A1E7A4F7556}") = "HotelPlatform.ApiGateway", "HotelPlatform.ApiGateway\HotelPlatform.ApiGateway.csproj", "{8A5E55A9-CD27-4B5E-8E8D-7D58BE53E906}"
EndProject
Project("{9A19103F-16F7-4668-BE54-9A1E7A4F7556}") = "HotelPlatform.Aggregator", "HotelPlatform.Aggregator\HotelPlatform.Aggregator.csproj", "{15E70DEB-914A-4A4F-917F-AAC431694E05}"
EndProject
Project("{9A19103F-16F7-4668-BE54-9A1E7A4F7556}") = "HotelPlatform.AppHost", "HotelPlatform.AppHost\HotelPlatform.AppHost.csproj", "{AC6628BE-7417-42EE-B178-4E8D1276FF2D}"
EndProject
Project("{9A19103F-16F7-4668-BE54-9A1E7A4F7556}") = "HotelPlatform.ServiceDefaults", "HotelPlatform.ServiceDefaults\HotelPlatform.ServiceDefaults.csproj", "{5638039A-6FC4-4EA5-809B-7C1EA5B26202}"
EndProject
Project("{2150E333-8FDC-42A3-9474-1A3956D46DE8}") = "Services", "Services", "{9DC03B3C-D38F-4514-A890-4220AD732E47}"
EndProject
Project("{2150E333-8FDC-42A3-9474-1A3956D46DE8}") = "Catalog", "Catalog", "{D30E3996-6CC2-4091-A745-56CDD05E3F6F}"
EndProject
Project("{2150E333-8FDC-42A3-9474-1A3956D46DE8}") = "Reservation", "Reservation", "{2B01F1B1-3F7B-458A-9649-210C0D2A16CB}"
EndProject
Project("{2150E333-8FDC-42A3-9474-1A3956D46DE8}") = "Reviews", "Reviews", "{B554D420-8E9E-488C-9F41-3F9939C30BCF}"
EndProject
Global
	GlobalSection(SolutionConfigurationPlatforms) = preSolution
		Debug|Any CPU = Debug|Any CPU
		Release|Any CPU = Release|Any CPU
	EndGlobalSection
	GlobalSection(ProjectConfigurationPlatforms) = postSolution
		{78ADFCDE-2613-41CD-B148-F7DB8AFB89A8}.Debug|Any CPU.ActiveCfg = Debug|Any CPU
		{78ADFCDE-2613-41CD-B148-F7DB8AFB89A8}.Debug|Any CPU.Build.0 = Debug|Any CPU
		{78ADFCDE-2613-41CD-B148-F7DB8AFB89A8}.Release|Any CPU.ActiveCfg = Release|Any CPU
		{78ADFCDE-2613-41CD-B148-F7DB8AFB89A8}.Release|Any CPU.Build.0 = Release|Any CPU
		{1BC79F71-A8D4-434C-91CD-B9E053E71C46}.Debug|Any CPU.ActiveCfg = Debug|Any CPU
		{1BC79F71-A8D4-434C-91CD-B9E053E71C46}.Debug|Any CPU.Build.0 = Debug|Any CPU
		{1BC79F71-A8D4-434C-91CD-B9E053E71C46}.Release|Any CPU.ActiveCfg = Release|Any CPU
		{1BC79F71-A8D4-434C-91CD-B9E053E71C46}.Release|Any CPU.Build.0 = Release|Any CPU
		{836BD749-2ABC-4D2C-89DA-7F74EEB3DE85}.Debug|Any CPU.ActiveCfg = Debug|Any CPU
		{836BD749-2ABC-4D2C-89DA-7F74EEB3DE85}.Debug|Any CPU.Build.0 = Debug|Any CPU
		{836BD749-2ABC-4D2C-89DA-7F74EEB3DE85}.Release|Any CPU.ActiveCfg = Release|Any CPU
		{836BD749-2ABC-4D2C-89DA-7F74EEB3DE85}.Release|Any CPU.Build.0 = Release|Any CPU
		{41F0307E-B89D-4291-9314-7FAAD686FE06}.Debug|Any CPU.ActiveCfg = Debug|Any CPU
		{41F0307E-B89D-4291-9314-7FAAD686FE06}.Debug|Any CPU.Build.0 = Debug|Any CPU
		{41F0307E-B89D-4291-9314-7FAAD686FE06}.Release|Any CPU.ActiveCfg = Release|Any CPU
		{41F0307E-B89D-4291-9314-7FAAD686FE06}.Release|Any CPU.Build.0 = Release|Any CPU
		{7ABC1702-2208-40BF-B162-B7FC762E3A87}.Debug|Any CPU.ActiveCfg = Debug|Any CPU
		{7ABC1702-2208-40BF-B162-B7FC762E3A87}.Debug|Any CPU.Build.0 = Debug|Any CPU
		{7ABC1702-2208-40BF-B162-B7FC762E3A87}.Release|Any CPU.ActiveCfg = Release|Any CPU
		{7ABC1702-2208-40BF-B162-B7FC762E3A87}.Release|Any CPU.Build.0 = Release|Any CPU
		{1D4429FA-01FC-4E6E-BC9D-C4782B186706}.Debug|Any CPU.ActiveCfg = Debug|Any CPU
		{1D4429FA-01FC-4E6E-BC9D-C4782B186706}.Debug|Any CPU.Build.0 = Debug|Any CPU
		{1D4429FA-01FC-4E6E-BC9D-C4782B186706}.Release|Any CPU.ActiveCfg = Release|Any CPU
		{1D4429FA-01FC-4E6E-BC9D-C4782B186706}.Release|Any CPU.Build.0 = Release|Any CPU
		{F6980844-226F-49F4-889F-0A49348DAB98}.Debug|Any CPU.ActiveCfg = Debug|Any CPU
		{F6980844-226F-49F4-889F-0A49348DAB98}.Debug|Any CPU.Build.0 = Debug|Any CPU
		{F6980844-226F-49F4-889F-0A49348DAB98}.Release|Any CPU.ActiveCfg = Release|Any CPU
		{F6980844-226F-49F4-889F-0A49348DAB98}.Release|Any CPU.Build.0 = Release|Any CPU
		{D01AEE89-083F-4ED8-9DF2-8675E9663217}.Debug|Any CPU.ActiveCfg = Debug|Any CPU
		{D01AEE89-083F-4ED8-9DF2-8675E9663217}.Debug|Any CPU.Build.0 = Debug|Any CPU
		{D01AEE89-083F-4ED8-9DF2-8675E9663217}.Release|Any CPU.ActiveCfg = Release|Any CPU
		{D01AEE89-083F-4ED8-9DF2-8675E9663217}.Release|Any CPU.Build.0 = Release|Any CPU
		{9E577999-AE6A-4031-8014-CFA413881335}.Debug|Any CPU.ActiveCfg = Debug|Any CPU
		{9E577999-AE6A-4031-8014-CFA413881335}.Debug|Any CPU.Build.0 = Debug|Any CPU
		{9E577999-AE6A-4031-8014-CFA413881335}.Release|Any CPU.ActiveCfg = Release|Any CPU
		{9E577999-AE6A-4031-8014-CFA413881335}.Release|Any CPU.Build.0 = Release|Any CPU
		{C4281F9C-7D5A-466E-8E0C-BF867E2D1CFB}.Debug|Any CPU.ActiveCfg = Debug|Any CPU
		{C4281F9C-7D5A-466E-8E0C-BF867E2D1CFB}.Debug|Any CPU.Build.0 = Debug|Any CPU
		{C4281F9C-7D5A-466E-8E0C-BF867E2D1CFB}.Release|Any CPU.ActiveCfg = Release|Any CPU
		{C4281F9C-7D5A-466E-8E0C-BF867E2D1CFB}.Release|Any CPU.Build.0 = Release|Any CPU
		{79CF7169-2400-45BF-899A-845C967702BF}.Debug|Any CPU.ActiveCfg = Debug|Any CPU
		{79CF7169-2400-45BF-899A-845C967702BF}.Debug|Any CPU.Build.0 = Debug|Any CPU
		{79CF7169-2400-45BF-899A-845C967702BF}.Release|Any CPU.ActiveCfg = Release|Any CPU
		{79CF7169-2400-45BF-899A-845C967702BF}.Release|Any CPU.Build.0 = Release|Any CPU
		{9FAD096A-1FEE-47BF-A414-BD56C85A9FB4}.Debug|Any CPU.ActiveCfg = Debug|Any CPU
		{9FAD096A-1FEE-47BF-A414-BD56C85A9FB4}.Debug|Any CPU.Build.0 = Debug|Any CPU
		{9FAD096A-1FEE-47BF-A414-BD56C85A9FB4}.Release|Any CPU.ActiveCfg = Release|Any CPU
		{9FAD096A-1FEE-47BF-A414-BD56C85A9FB4}.Release|Any CPU.Build.0 = Release|Any CPU
		{50E6BCB6-41FD-4B5E-B6F1-16123D3B0724}.Debug|Any CPU.ActiveCfg = Debug|Any CPU
		{50E6BCB6-41FD-4B5E-B6F1-16123D3B0724}.Debug|Any CPU.Build.0 = Debug|Any CPU
		{50E6BCB6-41FD-4B5E-B6F1-16123D3B0724}.Release|Any CPU.ActiveCfg = Release|Any CPU
		{50E6BCB6-41FD-4B5E-B6F1-16123D3B0724}.Release|Any CPU.Build.0 = Release|Any CPU
		{8A5E55A9-CD27-4B5E-8E8D-7D58BE53E906}.Debug|Any CPU.ActiveCfg = Debug|Any CPU
		{8A5E55A9-CD27-4B5E-8E8D-7D58BE53E906}.Debug|Any CPU.Build.0 = Debug|Any CPU
		{8A5E55A9-CD27-4B5E-8E8D-7D58BE53E906}.Release|Any CPU.ActiveCfg = Release|Any CPU
		{8A5E55A9-CD27-4B5E-8E8D-7D58BE53E906}.Release|Any CPU.Build.0 = Release|Any CPU
		{15E70DEB-914A-4A4F-917F-AAC431694E05}.Debug|Any CPU.ActiveCfg = Debug|Any CPU
		{15E70DEB-914A-4A4F-917F-AAC431694E05}.Debug|Any CPU.Build.0 = Debug|Any CPU
		{15E70DEB-914A-4A4F-917F-AAC431694E05}.Release|Any CPU.ActiveCfg = Release|Any CPU
		{15E70DEB-914A-4A4F-917F-AAC431694E05}.Release|Any CPU.Build.0 = Release|Any CPU
		{AC6628BE-7417-42EE-B178-4E8D1276FF2D}.Debug|Any CPU.ActiveCfg = Debug|Any CPU
		{AC6628BE-7417-42EE-B178-4E8D1276FF2D}.Debug|Any CPU.Build.0 = Debug|Any CPU
		{AC6628BE-7417-42EE-B178-4E8D1276FF2D}.Release|Any CPU.ActiveCfg = Release|Any CPU
		{AC6628BE-7417-42EE-B178-4E8D1276FF2D}.Release|Any CPU.Build.0 = Release|Any CPU
		{5638039A-6FC4-4EA5-809B-7C1EA5B26202}.Debug|Any CPU.ActiveCfg = Debug|Any CPU
		{5638039A-6FC4-4EA5-809B-7C1EA5B26202}.Debug|Any CPU.Build.0 = Debug|Any CPU
		{5638039A-6FC4-4EA5-809B-7C1EA5B26202}.Release|Any CPU.ActiveCfg = Release|Any CPU
		{5638039A-6FC4-4EA5-809B-7C1EA5B26202}.Release|Any CPU.Build.0 = Release|Any CPU
	EndGlobalSection
	GlobalSection(SolutionProperties) = preSolution
		HideSolutionNode = FALSE
	EndGlobalSection
	GlobalSection(NestedProjects) = preSolution
		{78ADFCDE-2613-41CD-B148-F7DB8AFB89A8} = {2B01F1B1-3F7B-458A-9649-210C0D2A16CB}
		{1BC79F71-A8D4-434C-91CD-B9E053E71C46} = {2B01F1B1-3F7B-458A-9649-210C0D2A16CB}
		{836BD749-2ABC-4D2C-89DA-7F74EEB3DE85} = {2B01F1B1-3F7B-458A-9649-210C0D2A16CB}
		{41F0307E-B89D-4291-9314-7FAAD686FE06} = {2B01F1B1-3F7B-458A-9649-210C0D2A16CB}
		{7ABC1702-2208-40BF-B162-B7FC762E3A87} = {2B01F1B1-3F7B-458A-9649-210C0D2A16CB}
		{1D4429FA-01FC-4E6E-BC9D-C4782B186706} = {D30E3996-6CC2-4091-A745-56CDD05E3F6F}
		{F6980844-226F-49F4-889F-0A49348DAB98} = {D30E3996-6CC2-4091-A745-56CDD05E3F6F}
		{D01AEE89-083F-4ED8-9DF2-8675E9663217} = {D30E3996-6CC2-4091-A745-56CDD05E3F6F}
		{9E577999-AE6A-4031-8014-CFA413881335} = {D30E3996-6CC2-4091-A745-56CDD05E3F6F}
		{C4281F9C-7D5A-466E-8E0C-BF867E2D1CFB} = {B554D420-8E9E-488C-9F41-3F9939C30BCF}
		{79CF7169-2400-45BF-899A-845C967702BF} = {B554D420-8E9E-488C-9F41-3F9939C30BCF}
		{9FAD096A-1FEE-47BF-A414-BD56C85A9FB4} = {B554D420-8E9E-488C-9F41-3F9939C30BCF}
		{50E6BCB6-41FD-4B5E-B6F1-16123D3B0724} = {B554D420-8E9E-488C-9F41-3F9939C30BCF}
		{D30E3996-6CC2-4091-A745-56CDD05E3F6F} = {9DC03B3C-D38F-4514-A890-4220AD732E47}
		{2B01F1B1-3F7B-458A-9649-210C0D2A16CB} = {9DC03B3C-D38F-4514-A890-4220AD732E47}
		{B554D420-8E9E-488C-9F41-3F9939C30BCF} = {9DC03B3C-D38F-4514-A890-4220AD732E47}
	EndGlobalSection
	GlobalSection(ExtensibilityGlobals) = postSolution
		SolutionGuid = {25F2F334-FCC5-4C46-BDD3-8D3AD299B3BF}
	EndGlobalSection
EndGlobal
