
Microsoft Visual Studio Solution File, Format Version 12.00
# Visual Studio Version 17
VisualStudioVersion = 17.10.35122.118
MinimumVisualStudioVersion = 10.0.40219.1
Project("{9A19103F-16F7-4668-BE54-9A1E7A4F7556}") = "HotelReservation.Api", "HotelReservationSystem\HotelReservation.Api.csproj", "{78ADFCDE-2613-41CD-B148-F7DB8AFB89A8}"
EndProject
Project("{9A19103F-16F7-4668-BE54-9A1E7A4F7556}") = "HotelReservation.Bll", "HotelReservation.Bll\HotelReservation.Bll.csproj", "{1BC79F71-A8D4-434C-91CD-B9E053E71C46}"
EndProject
Project("{9A19103F-16F7-4668-BE54-9A1E7A4F7556}") = "HotelReservation.Dal", "HotelReservation.Dal\HotelReservation.Dal.csproj", "{836BD749-2ABC-4D2C-89DA-7F74EEB3DE85}"
EndProject
Project("{9A19103F-16F7-4668-BE54-9A1E7A4F7556}") = "HotelReservation.Domain", "HotelReservation.Domain\HotelReservation.Domain.csproj", "{41F0307E-B89D-4291-9314-7FAAD686FE06}"
EndProject
Project("{9A19103F-16F7-4668-BE54-9A1E7A4F7556}") = "HotelReservation.Tests", "HotelReservation.Tests\HotelReservation.Tests.csproj", "{7ABC1702-2208-40BF-B162-B7FC762E3A87}"
EndProject
Project("{9A19103F-16F7-4668-BE54-9A1E7A4F7556}") = "HotelCatalog.Api", "HotelCatalog.Api\HotelCatalog.Api.csproj", "{1D4429FA-01FC-4E6E-BC9D-C4782B186706}"
EndProject
Project("{9A19103F-16F7-4668-BE54-9A1E7A4F7556}") = "HotelCatalog.Domain", "HotelCatalog.Domain\HotelCatalog.Domain.csproj", "{F6980844-226F-49F4-889F-0A49348DAB98}"
EndProject
Project("{9A19103F-16F7-4668-BE54-9A1E7A4F7556}") = "HotelCatalog.Dal", "HotelCatalog.Dal\HotelCatalog.Dal.csproj", "{D01AEE89-083F-4ED8-9DF2-8675E9663217}"
EndProject
Project("{9A19103F-16F7-4668-BE54-9A1E7A4F7556}") = "HotelCatalog.Bll", "HotelCatalog.Bll\HotelCatalog.Bll.csproj", "{9E577999-AE6A-4031-8014-CFA413881335}"
EndProject
Project("{FAE04EC0-301F-11D3-BF4B-00C04F79EFBC}") = "HotelReviews.Domain", "HotelReviews.Domain\HotelReviews.Domain.csproj", "{C4281F9C-7D5A-466E-8E0C-BF867E2D1CFB}"
EndProject
Project("{FAE04EC0-301F-11D3-BF4B-00C04F79EFBC}") = "HotelReviews.Application", "HotelReviews.Application\HotelReviews.Application.csproj", "{79CF7169-2400-45BF-899A-845C967702BF}"
EndProject
Project("{FAE04EC0-301F-11D3-BF4B-00C04F79EFBC}") = "HotelReviews.Infrastructure", "HotelReviews.Infrastructure\HotelReviews.Infrastructure.csproj", "{9FAD096A-1FEE-47BF-A414-BD56C85A9FB4}"
EndProject
Project("{FAE04EC0-301F-11D3-BF4B-00C04F79EFBC}") = "HotelReviews.WebApi", "HotelReviews.WebApi\HotelReviews.WebApi.csproj", "{50E6BCB6-41FD-4B5E-B6F1-16123D3B0724}"
EndProject
Global
	GlobalSection(SolutionConfigurationPlatforms) = preSolution
		Debug|Any CPU = Debug|Any CPU
		Release|Any CPU = Release|Any CPU
	EndGlobalSection
	GlobalSection(ProjectConfigurationPlatforms) = postSolution
		{78ADFCDE-2613-41CD-B148-F7DB8AFB89A8}.Debug|Any CPU.ActiveCfg = Debug|Any CPU
		{78ADFCDE-2613-41CD-B148-F7DB8AFB89A8}.Debug|Any CPU.Build.0 = Debug|Any CPU
		{78ADFCDE-2613-41CD-B148-F7DB8AFB89A8}.Release|Any CPU.ActiveCfg = Release|Any CPU
		{78ADFCDE-2613-41CD-B148-F7DB8AFB89A8}.Release|Any CPU.Build.0 = Release|Any CPU
		{1BC79F71-A8D4-434C-91CD-B9E053E71C46}.Debug|Any CPU.ActiveCfg = Debug|Any CPU
		{1BC79F71-A8D4-434C-91CD-B9E053E71C46}.Debug|Any CPU.Build.0 = Debug|Any CPU
		{1BC79F71-A8D4-434C-91CD-B9E053E71C46}.Release|Any CPU.ActiveCfg = Release|Any CPU
		{1BC79F71-A8D4-434C-91CD-B9E053E71C46}.Release|Any CPU.Build.0 = Release|Any CPU
		{836BD749-2ABC-4D2C-89DA-7F74EEB3DE85}.Debug|Any CPU.ActiveCfg = Debug|Any CPU
		{836BD749-2ABC-4D2C-89DA-7F74EEB3DE85}.Debug|Any CPU.Build.0 = Debug|Any CPU
		{836BD749-2ABC-4D2C-89DA-7F74EEB3DE85}.Release|Any CPU.ActiveCfg = Release|Any CPU
		{836BD749-2ABC-4D2C-89DA-7F74EEB3DE85}.Release|Any CPU.Build.0 = Release|Any CPU
		{41F0307E-B89D-4291-9314-7FAAD686FE06}.Debug|Any CPU.ActiveCfg = Debug|Any CPU
		{41F0307E-B89D-4291-9314-7FAAD686FE06}.Debug|Any CPU.Build.0 = Debug|Any CPU
		{41F0307E-B89D-4291-9314-7FAAD686FE06}.Release|Any CPU.ActiveCfg = Release|Any CPU
		{41F0307E-B89D-4291-9314-7FAAD686FE06}.Release|Any CPU.Build.0 = Release|Any CPU
		{7ABC1702-2208-40BF-B162-B7FC762E3A87}.Debug|Any CPU.ActiveCfg = Debug|Any CPU
		{7ABC1702-2208-40BF-B162-B7FC762E3A87}.Debug|Any CPU.Build.0 = Debug|Any CPU
		{7ABC1702-2208-40BF-B162-B7FC762E3A87}.Release|Any CPU.ActiveCfg = Release|Any CPU
		{7ABC1702-2208-40BF-B162-B7FC762E3A87}.Release|Any CPU.Build.0 = Release|Any CPU
		{1D4429FA-01FC-4E6E-BC9D-C4782B186706}.Debug|Any CPU.ActiveCfg = Debug|Any CPU
		{1D4429FA-01FC-4E6E-BC9D-C4782B186706}.Debug|Any CPU.Build.0 = Debug|Any CPU
		{1D4429FA-01FC-4E6E-BC9D-C4782B186706}.Release|Any CPU.ActiveCfg = Release|Any CPU
		{1D4429FA-01FC-4E6E-BC9D-C4782B186706}.Release|Any CPU.Build.0 = Release|Any CPU
		{F6980844-226F-49F4-889F-0A49348DAB98}.Debug|Any CPU.ActiveCfg = Debug|Any CPU
		{F6980844-226F-49F4-889F-0A49348DAB98}.Debug|Any CPU.Build.0 = Debug|Any CPU
		{F6980844-226F-49F4-889F-0A49348DAB98}.Release|Any CPU.ActiveCfg = Release|Any CPU
		{F6980844-226F-49F4-889F-0A49348DAB98}.Release|Any CPU.Build.0 = Release|Any CPU
		{D01AEE89-083F-4ED8-9DF2-8675E9663217}.Debug|Any CPU.ActiveCfg = Debug|Any CPU
		{D01AEE89-083F-4ED8-9DF2-8675E9663217}.Debug|Any CPU.Build.0 = Debug|Any CPU
		{D01AEE89-083F-4ED8-9DF2-8675E9663217}.Release|Any CPU.ActiveCfg = Release|Any CPU
		{D01AEE89-083F-4ED8-9DF2-8675E9663217}.Release|Any CPU.Build.0 = Release|Any CPU
		{9E577999-AE6A-4031-8014-CFA413881335}.Debug|Any CPU.ActiveCfg = Debug|Any CPU
		{9E577999-AE6A-4031-8014-CFA413881335}.Debug|Any CPU.Build.0 = Debug|Any CPU
		{9E577999-AE6A-4031-8014-CFA413881335}.Release|Any CPU.ActiveCfg = Release|Any CPU
		{9E577999-AE6A-4031-8014-CFA413881335}.Release|Any CPU.Build.0 = Release|Any CPU
		{C4281F9C-7D5A-466E-8E0C-BF867E2D1CFB}.Debug|Any CPU.ActiveCfg = Debug|Any CPU
		{C4281F9C-7D5A-466E-8E0C-BF867E2D1CFB}.Debug|Any CPU.Build.0 = Debug|Any CPU
		{C4281F9C-7D5A-466E-8E0C-BF867E2D1CFB}.Release|Any CPU.ActiveCfg = Release|Any CPU
		{C4281F9C-7D5A-466E-8E0C-BF867E2D1CFB}.Release|Any CPU.Build.0 = Release|Any CPU
		{79CF7169-2400-45BF-899A-845C967702BF}.Debug|Any CPU.ActiveCfg = Debug|Any CPU
		{79CF7169-2400-45BF-899A-845C967702BF}.Debug|Any CPU.Build.0 = Debug|Any CPU
		{79CF7169-2400-45BF-899A-845C967702BF}.Release|Any CPU.ActiveCfg = Release|Any CPU
		{79CF7169-2400-45BF-899A-845C967702BF}.Release|Any CPU.Build.0 = Release|Any CPU
		{9FAD096A-1FEE-47BF-A414-BD56C85A9FB4}.Debug|Any CPU.ActiveCfg = Debug|Any CPU
		{9FAD096A-1FEE-47BF-A414-BD56C85A9FB4}.Debug|Any CPU.Build.0 = Debug|Any CPU
		{9FAD096A-1FEE-47BF-A414-BD56C85A9FB4}.Release|Any CPU.ActiveCfg = Release|Any CPU
		{9FAD096A-1FEE-47BF-A414-BD56C85A9FB4}.Release|Any CPU.Build.0 = Release|Any CPU
		{50E6BCB6-41FD-4B5E-B6F1-16123D3B0724}.Debug|Any CPU.ActiveCfg = Debug|Any CPU
		{50E6BCB6-41FD-4B5E-B6F1-16123D3B0724}.Debug|Any CPU.Build.0 = Debug|Any CPU
		{50E6BCB6-41FD-4B5E-B6F1-16123D3B0724}.Release|Any CPU.ActiveCfg = Release|Any CPU
		{50E6BCB6-41FD-4B5E-B6F1-16123D3B0724}.Release|Any CPU.Build.0 = Release|Any CPU
	EndGlobalSection
	GlobalSection(SolutionProperties) = preSolution
		HideSolutionNode = FALSE
	EndGlobalSection
	GlobalSection(ExtensibilityGlobals) = postSolution
		SolutionGuid = {25F2F334-FCC5-4C46-BDD3-8D3AD299B3BF}
	EndGlobalSection
EndGlobal
